
Microsoft Visual Studio Solution File, Format Version 12.00
# Visual Studio 15
VisualStudioVersion = 15.0.35026.233
MinimumVisualStudioVersion = 10.0.40219.1
Project("{FAE04EC0-301F-11D3-BF4B-00C04F79EFBC}") = "HelloWorldCS", "HelloWorldCS\HelloWorldCS.csproj", "{EB230703-306D-46A4-8B92-C12372BD77AA}"
EndProject
Global
	GlobalSection(SolutionConfigurationPlatforms) = preSolution
		Debug|Any CPU = Debug|Any CPU
		Release|Any CPU = Release|Any CPU
	EndGlobalSection
	GlobalSection(ProjectConfigurationPlatforms) = postSolution
		{EB230703-306D-46A4-8B92-C12372BD77AA}.Debug|Any CPU.ActiveCfg = Debug|Any CPU
		{EB230703-306D-46A4-8B92-C12372BD77AA}.Debug|Any CPU.Build.0 = Debug|Any CPU
		{EB230703-306D-46A4-8B92-C12372BD77AA}.Release|Any CPU.ActiveCfg = Release|Any CPU
		{EB230703-306D-46A4-8B92-C12372BD77AA}.Release|Any CPU.Build.0 = Release|Any CPU
	EndGlobalSection
	GlobalSection(SolutionProperties) = preSolution
		HideSolutionNode = FALSE
	EndGlobalSection
	GlobalSection(ExtensibilityGlobals) = postSolution
		SolutionGuid = {391363FF-24FF-453A-9D13-9D6228FDF938}
	EndGlobalSection
EndGlobal
